schema: '2.0'
stages:
  data_ingestion:
    cmd: python src/cnnClassifier/pipeline/stage_01_data_ingestion.py
    deps:
    - path: config/config.yaml
      hash: md5
      md5: 88bc791ef73503309d682948e7b88c82
      size: 562
    - path: src/cnnClassifier/pipeline/stage_01_data_ingestion.py
      hash: md5
      md5: 2c20a1f272cc4598104edb53fadc8278
      size: 900
    outs:
    - path: artifacts/data_ingestion/Chest-CT-Scan-data
      hash: md5
      md5: 904fa45d934ce879b3b1933dca6cb2f1.dir
      size: 49247431
      nfiles: 343
  prepare_base_model:
    cmd: python src/cnnClassifier/pipeline/stage_02_prepare_base_model.py
    deps:
    - path: config/config.yaml
      hash: md5
      md5: 88bc791ef73503309d682948e7b88c82
      size: 562
    - path: src/cnnClassifier/pipeline/stage_02_prepare_base_model.py
      hash: md5
      md5: 7a5c7833b12b3c1bea7107171eb63403
      size: 925
    params:
      params.yaml:
        CLASSES: 2
        IMAGE_SIZE:
        - 224
        - 224
        - 3
        INCLUDE_TOP: false
        LEARNING_RATE: 0.01
        WEIGHTS: imagenet
    outs:
    - path: artifacts/prepare_base_model
      hash: md5
      md5: 58d8f0ff98972cc7ac8e98993dd7dd6e.dir
      size: 118054560
      nfiles: 2
  training:
    cmd: python src/cnnClassifier/pipeline/stage_03_model_training.py
    deps:
    - path: artifacts/data_ingestion/Chest-CT-Scan-data
      hash: md5
      md5: 904fa45d934ce879b3b1933dca6cb2f1.dir
      size: 49247431
      nfiles: 343
    - path: artifacts/prepare_base_model
      hash: md5
      md5: 58d8f0ff98972cc7ac8e98993dd7dd6e.dir
      size: 118054560
      nfiles: 2
    - path: config/config.yaml
      hash: md5
      md5: 88bc791ef73503309d682948e7b88c82
      size: 562
    - path: src/cnnClassifier/pipeline/stage_03_model_training.py
      hash: md5
      md5: 274245461ab5af0b2868bb6329fe7b00
      size: 852
    params:
      params.yaml:
        AUGMENTATION: true
        BATCH_SIZE: 16
        EPOCHS: 2
        IMAGE_SIZE:
        - 224
        - 224
        - 3
    outs:
    - path: artifacts/training/model.h5
      hash: md5
      md5: 67beb6854e4ebd085bbd6cc43fe19c53
      size: 59337520
  evaluation:
    cmd: python src/cnnClassifier/pipeline/staget_04_evaluation_mlflow.py
    deps:
    - path: artifacts/data_ingestion/Chest-CT-Scan-data
      hash: md5
      md5: 904fa45d934ce879b3b1933dca6cb2f1.dir
      size: 49247431
      nfiles: 343
    - path: artifacts/training/model.h5
      hash: md5
      md5: 67beb6854e4ebd085bbd6cc43fe19c53
      size: 59337520
    - path: config/config.yaml
      hash: md5
      md5: 88bc791ef73503309d682948e7b88c82
      size: 562
    - path: src/cnnClassifier/pipeline/staget_04_evaluation_mlflow.py
      hash: md5
      md5: 930d789d81d4a3913c8b6ee849c37dbb
      size: 829
    params:
      params.yaml:
        BATCH_SIZE: 16
        IMAGE_SIZE:
        - 224
        - 224
        - 3
    outs:
    - path: scores.json
      hash: md5
      md5: c6d5248b9a2db2b048e5ba8f0891cf9b
      size: 70
